
Microsoft Visual Studio Solution File, Format Version 12.00
# Visual Studio Version 16
VisualStudioVersion = 16.0.30611.23
MinimumVisualStudioVersion = 10.0.40219.1
Project("{FAE04EC0-301F-11D3-BF4B-00C04F79EFBC}") = "UsingStructs", "UsingStructs\UsingStructs.csproj", "{01F15284-9818-4B3C-B13A-D5FD5286384C}"
EndProject
Global
	GlobalSection(SolutionConfigurationPlatforms) = preSolution
		Debug|Any CPU = Debug|Any CPU
		Release|Any CPU = Release|Any CPU
	EndGlobalSection
	GlobalSection(ProjectConfigurationPlatforms) = postSolution
		{01F15284-9818-4B3C-B13A-D5FD5286384C}.Debug|Any CPU.ActiveCfg = Debug|Any CPU
		{01F15284-9818-4B3C-B13A-D5FD5286384C}.Debug|Any CPU.Build.0 = Debug|Any CPU
		{01F15284-9818-4B3C-B13A-D5FD5286384C}.Release|Any CPU.ActiveCfg = Release|Any CPU
		{01F15284-9818-4B3C-B13A-D5FD5286384C}.Release|Any CPU.Build.0 = Release|Any CPU
	EndGlobalSection
	GlobalSection(SolutionProperties) = preSolution
		HideSolutionNode = FALSE
	EndGlobalSection
	GlobalSection(ExtensibilityGlobals) = postSolution
		SolutionGuid = {7EE74837-ECE6-4B6E-B572-85125E3F11B1}
	EndGlobalSection
EndGlobal
