
Microsoft Visual Studio Solution File, Format Version 12.00
# Visual Studio Version 16
VisualStudioVersion = 16.0.30717.126
MinimumVisualStudioVersion = 10.0.40219.1
Project("{FAE04EC0-301F-11D3-BF4B-00C04F79EFBC}") = "Ejer-104", "Ejer-104.csproj", "{4080C497-1AC3-47CD-9695-528DEBAFEDD3}"
EndProject
Global
	GlobalSection(SolutionConfigurationPlatforms) = preSolution
		Debug|Any CPU = Debug|Any CPU
		Release|Any CPU = Release|Any CPU
	EndGlobalSection
	GlobalSection(ProjectConfigurationPlatforms) = postSolution
		{4080C497-1AC3-47CD-9695-528DEBAFEDD3}.Debug|Any CPU.ActiveCfg = Debug|Any CPU
		{4080C497-1AC3-47CD-9695-528DEBAFEDD3}.Debug|Any CPU.Build.0 = Debug|Any CPU
		{4080C497-1AC3-47CD-9695-528DEBAFEDD3}.Release|Any CPU.ActiveCfg = Release|Any CPU
		{4080C497-1AC3-47CD-9695-528DEBAFEDD3}.Release|Any CPU.Build.0 = Release|Any CPU
	EndGlobalSection
	GlobalSection(SolutionProperties) = preSolution
		HideSolutionNode = FALSE
	EndGlobalSection
	GlobalSection(ExtensibilityGlobals) = postSolution
		SolutionGuid = {ACC895BC-70CA-4980-B9A9-9D046797AA74}
	EndGlobalSection
EndGlobal
